
Microsoft Visual Studio Solution File, Format Version 12.00
# Visual Studio Version 16
VisualStudioVersion = 16.0.31410.357
MinimumVisualStudioVersion = 10.0.40219.1
Project("{9A19103F-16F7-4668-BE54-9A1E7A4F7556}") = "GeneratorNote", "GeneratorNote\GeneratorNote.csproj", "{D6365BEF-EA53-4B9B-B9D1-3E2A0B3339A5}"
EndProject
Project("{54435603-DBB4-11D2-8724-00A0C9A8B90C}") = "GeneratorNoteInstaller", "GeneratorNoteInstaller\GeneratorNoteInstaller.vdproj", "{55C7E604-6FF1-49E8-A2B3-B71FF709A8E8}"
EndProject
Global
	GlobalSection(SolutionConfigurationPlatforms) = preSolution
		Debug|Any CPU = Debug|Any CPU
		Release|Any CPU = Release|Any CPU
	EndGlobalSection
	GlobalSection(ProjectConfigurationPlatforms) = postSolution
		{D6365BEF-EA53-4B9B-B9D1-3E2A0B3339A5}.Debug|Any CPU.ActiveCfg = Debug|Any CPU
		{D6365BEF-EA53-4B9B-B9D1-3E2A0B3339A5}.Debug|Any CPU.Build.0 = Debug|Any CPU
		{D6365BEF-EA53-4B9B-B9D1-3E2A0B3339A5}.Release|Any CPU.ActiveCfg = Release|Any CPU
		{D6365BEF-EA53-4B9B-B9D1-3E2A0B3339A5}.Release|Any CPU.Build.0 = Release|Any CPU
		{55C7E604-6FF1-49E8-A2B3-B71FF709A8E8}.Debug|Any CPU.ActiveCfg = Debug
		{55C7E604-6FF1-49E8-A2B3-B71FF709A8E8}.Release|Any CPU.ActiveCfg = Release
	EndGlobalSection
	GlobalSection(SolutionProperties) = preSolution
		HideSolutionNode = FALSE
	EndGlobalSection
	GlobalSection(ExtensibilityGlobals) = postSolution
		SolutionGuid = {961591C3-06ED-4F94-BCDC-6ABE24EB6384}
	EndGlobalSection
EndGlobal
